
Microsoft Visual Studio Solution File, Format Version 12.00
# Visual Studio 15
VisualStudioVersion = 15.0.28307.329
MinimumVisualStudioVersion = 10.0.40219.1
Project("{FAE04EC0-301F-11D3-BF4B-00C04F79EFBC}") = "7 Days to Die Config Editor", "7 Days to Die Config Editor\7 Days to Die Config Editor.csproj", "{CAE6B5A8-5F92-45DB-B263-95752E3C2AA5}"
EndProject
Project("{FAE04EC0-301F-11D3-BF4B-00C04F79EFBC}") = "GameData", "GameData\GameData.csproj", "{020F981F-7219-4B4D-B4FE-D2145BE1D482}"
EndProject
Project("{FAE04EC0-301F-11D3-BF4B-00C04F79EFBC}") = "Tests", "Tests\Tests.csproj", "{F8A0562B-1B18-4410-B108-2B7E2F31E8D5}"
EndProject
Project("{FAE04EC0-301F-11D3-BF4B-00C04F79EFBC}") = "Domain", "Domain\Domain.csproj", "{2AE01AE5-9466-49E4-AA82-C4457D2CF988}"
EndProject
Global
	GlobalSection(SolutionConfigurationPlatforms) = preSolution
		Debug|Any CPU = Debug|Any CPU
		Release|Any CPU = Release|Any CPU
	EndGlobalSection
	GlobalSection(ProjectConfigurationPlatforms) = postSolution
		{CAE6B5A8-5F92-45DB-B263-95752E3C2AA5}.Debug|Any CPU.ActiveCfg = Debug|Any CPU
		{CAE6B5A8-5F92-45DB-B263-95752E3C2AA5}.Debug|Any CPU.Build.0 = Debug|Any CPU
		{CAE6B5A8-5F92-45DB-B263-95752E3C2AA5}.Release|Any CPU.ActiveCfg = Release|Any CPU
		{CAE6B5A8-5F92-45DB-B263-95752E3C2AA5}.Release|Any CPU.Build.0 = Release|Any CPU
		{020F981F-7219-4B4D-B4FE-D2145BE1D482}.Debug|Any CPU.ActiveCfg = Debug|Any CPU
		{020F981F-7219-4B4D-B4FE-D2145BE1D482}.Debug|Any CPU.Build.0 = Debug|Any CPU
		{020F981F-7219-4B4D-B4FE-D2145BE1D482}.Release|Any CPU.ActiveCfg = Release|Any CPU
		{020F981F-7219-4B4D-B4FE-D2145BE1D482}.Release|Any CPU.Build.0 = Release|Any CPU
		{F8A0562B-1B18-4410-B108-2B7E2F31E8D5}.Debug|Any CPU.ActiveCfg = Debug|Any CPU
		{F8A0562B-1B18-4410-B108-2B7E2F31E8D5}.Debug|Any CPU.Build.0 = Debug|Any CPU
		{F8A0562B-1B18-4410-B108-2B7E2F31E8D5}.Release|Any CPU.ActiveCfg = Release|Any CPU
		{F8A0562B-1B18-4410-B108-2B7E2F31E8D5}.Release|Any CPU.Build.0 = Release|Any CPU
		{2AE01AE5-9466-49E4-AA82-C4457D2CF988}.Debug|Any CPU.ActiveCfg = Debug|Any CPU
		{2AE01AE5-9466-49E4-AA82-C4457D2CF988}.Debug|Any CPU.Build.0 = Debug|Any CPU
		{2AE01AE5-9466-49E4-AA82-C4457D2CF988}.Release|Any CPU.ActiveCfg = Release|Any CPU
		{2AE01AE5-9466-49E4-AA82-C4457D2CF988}.Release|Any CPU.Build.0 = Release|Any CPU
	EndGlobalSection
	GlobalSection(SolutionProperties) = preSolution
		HideSolutionNode = FALSE
	EndGlobalSection
	GlobalSection(ExtensibilityGlobals) = postSolution
		SolutionGuid = {F3DFEE20-8558-45BD-AEBE-36C7FB929CB9}
	EndGlobalSection
EndGlobal
